{
  "originHash" : "421b5423f77368064ea818f83f9ef6e20cabfea47399b644ee4122b0d265c463",
  "pins" : [
    {
      "identity" : "horizontalflowlayout",
      "kind" : "remoteSourceControl",
      "location" : "https://github.com/NickTrienens2025/HorizontalFlowLayout.git",
      "state" : {
        "branch" : "main",
        "revision" : "a6d3f83669921db5791b3348bef0539a2f0947cd"
      }
    },
    {
      "identity" : "swift-custom-dump",
      "kind" : "remoteSourceControl",
      "location" : "https://github.com/pointfreeco/swift-custom-dump",
      "state" : {
        "revision" : "82645ec760917961cfa08c9c0c7104a57a0fa4b1",
        "version" : "1.3.3"
      }
    },
    {
      "identity" : "swift-snapshot-testing",
      "kind" : "remoteSourceControl",
      "location" : "https://github.com/pointfreeco/swift-snapshot-testing",
      "state" : {
        "revision" : "b2d4cb30735f4fbc3a01963a9c658336dd21e9ba",
        "version" : "1.18.1"
      }
    },
    {
      "identity" : "swift-syntax",
      "kind" : "remoteSourceControl",
      "location" : "https://github.com/swiftlang/swift-syntax",
      "state" : {
        "revision" : "0687f71944021d616d34d922343dcef086855920",
        "version" : "600.0.1"
      }
    },
    {
      "identity" : "swiftui-preview-snapshots",
      "kind" : "remoteSourceControl",
      "location" : "https://github.com/doordash-oss/swiftui-preview-snapshots.git",
      "state" : {
        "branch" : "main",
        "revision" : "b7204bc507f897f8b7f717ee5cde4a34f7828124"
      }
    },
    {
      "identity" : "xctest-dynamic-overlay",
      "kind" : "remoteSourceControl",
      "location" : "https://github.com/pointfreeco/xctest-dynamic-overlay",
      "state" : {
        "revision" : "39de59b2d47f7ef3ca88a039dff3084688fe27f4",
        "version" : "1.5.2"
      }
    }
  ],
  "version" : 3
}
