{
  "originHash" : "ae484c35027d3d5b2dcabd64e89490f2579278e4012754da10f5aa696b0d1b4f",
  "pins" : [
    {
      "identity" : "horizontalflowlayout",
      "kind" : "remoteSourceControl",
      "location" : "https://github.com/NickTrienens2025/HorizontalFlowLayout.git",
      "state" : {
        "branch" : "main",
        "revision" : "a6d3f83669921db5791b3348bef0539a2f0947cd"
      }
    }
  ],
  "version" : 3
}
